
Microsoft Visual Studio Solution File, Format Version 12.00
# Visual Studio Version 16
VisualStudioVersion = 16.0.31025.194
MinimumVisualStudioVersion = 10.0.40219.1
Project("{FAE04EC0-301F-11D3-BF4B-00C04F79EFBC}") = "Tex", "Tex.csproj", "{B6CECFAD-BD99-49BC-8801-6F8B57E8DE59}"
EndProject
Global
	GlobalSection(SolutionConfigurationPlatforms) = preSolution
		Debug|Any CPU = Debug|Any CPU
		Release|Any CPU = Release|Any CPU
	EndGlobalSection
	GlobalSection(ProjectConfigurationPlatforms) = postSolution
		{B6CECFAD-BD99-49BC-8801-6F8B57E8DE59}.Debug|Any CPU.ActiveCfg = Debug|Any CPU
		{B6CECFAD-BD99-49BC-8801-6F8B57E8DE59}.Debug|Any CPU.Build.0 = Debug|Any CPU
		{B6CECFAD-BD99-49BC-8801-6F8B57E8DE59}.Release|Any CPU.ActiveCfg = Release|Any CPU
		{B6CECFAD-BD99-49BC-8801-6F8B57E8DE59}.Release|Any CPU.Build.0 = Release|Any CPU
	EndGlobalSection
	GlobalSection(SolutionProperties) = preSolution
		HideSolutionNode = FALSE
	EndGlobalSection
	GlobalSection(ExtensibilityGlobals) = postSolution
		SolutionGuid = {D8FF1443-F459-4CDE-8F3A-C8A16B571981}
	EndGlobalSection
EndGlobal
